// !$*UTF8*$!
{
	archiveVersion = 1;
	classes = {
	};
	objectVersion = 50;
	objects = {

/* Begin PBXBuildFile section */
		EE10AE4E264EA6E6008E2B9A /* Profile.storyboard in Resources */ = {isa = PBXBuildFile; fileRef = EE10AE4D264EA6E6008E2B9A /* Profile.storyboard */; };
		EE10AE53264EA6F9008E2B9A /* ProfileViewController.swift in Sources */ = {isa = PBXBuildFile; fileRef = EE10AE52264EA6F9008E2B9A /* ProfileViewController.swift */; };
		EEB0CFF9264E7FCD00BB3423 /* AppDelegate.swift in Sources */ = {isa = PBXBuildFile; fileRef = EEB0CFF8264E7FCD00BB3423 /* AppDelegate.swift */; };
		EEB0CFFB264E7FCD00BB3423 /* SceneDelegate.swift in Sources */ = {isa = PBXBuildFile; fileRef = EEB0CFFA264E7FCD00BB3423 /* SceneDelegate.swift */; };
		EEB0CFFD264E7FCD00BB3423 /* ViewController.swift in Sources */ = {isa = PBXBuildFile; fileRef = EEB0CFFC264E7FCD00BB3423 /* ViewController.swift */; };
		EEB0D000264E7FCD00BB3423 /* Main.storyboard in Resources */ = {isa = PBXBuildFile; fileRef = EEB0CFFE264E7FCD00BB3423 /* Main.storyboard */; };
		EEB0D002264E7FCE00BB3423 /* Assets.xcassets in Resources */ = {isa = PBXBuildFile; fileRef = EEB0D001264E7FCE00BB3423 /* Assets.xcassets */; };
		EEB0D005264E7FCE00BB3423 /* LaunchScreen.storyboard in Resources */ = {isa = PBXBuildFile; fileRef = EEB0D003264E7FCE00BB3423 /* LaunchScreen.storyboard */; };
		EEB0D010264E7FCE00BB3423 /* Netology_IB_InstrumentsTests.swift in Sources */ = {isa = PBXBuildFile; fileRef = EEB0D00F264E7FCE00BB3423 /* Netology_IB_InstrumentsTests.swift */; };
		EEB0D01B264E7FCE00BB3423 /* Netology_IB_InstrumentsUITests.swift in Sources */ = {isa = PBXBuildFile; fileRef = EEB0D01A264E7FCE00BB3423 /* Netology_IB_InstrumentsUITests.swift */; };
		EEB0D02C264E806600BB3423 /* ProfileView.xib in Resources */ = {isa = PBXBuildFile; fileRef = EEB0D02B264E806600BB3423 /* ProfileView.xib */; };
		EEB0D034264E821F00BB3423 /* ProfileView.swift in Sources */ = {isa = PBXBuildFile; fileRef = EEB0D033264E821F00BB3423 /* ProfileView.swift */; };
/* End PBXBuildFile section */

/* Begin PBXContainerItemProxy section */
		EEB0D00C264E7FCE00BB3423 /* PBXContainerItemProxy */ = {
			isa = PBXContainerItemProxy;
			containerPortal = EEB0CFED264E7FCD00BB3423 /* Project object */;
			proxyType = 1;
			remoteGlobalIDString = EEB0CFF4264E7FCD00BB3423;
			remoteInfo = Netology_IB_Instruments;
		};
		EEB0D017264E7FCE00BB3423 /* PBXContainerItemProxy */ = {
			isa = PBXContainerItemProxy;
			containerPortal = EEB0CFED264E7FCD00BB3423 /* Project object */;
			proxyType = 1;
			remoteGlobalIDString = EEB0CFF4264E7FCD00BB3423;
			remoteInfo = Netology_IB_Instruments;
		};
/* End PBXContainerItemProxy section */

/* Begin PBXFileReference section */
		EE10AE4D264EA6E6008E2B9A /* Profile.storyboard */ = {isa = PBXFileReference; lastKnownFileType = file.storyboard; path = Profile.storyboard; sourceTree = "<group>"; };
		EE10AE52264EA6F9008E2B9A /* ProfileViewController.swift */ = {isa = PBXFileReference; lastKnownFileType = sourcecode.swift; path = ProfileViewController.swift; sourceTree = "<group>"; };
		EEB0CFF5264E7FCD00BB3423 /* Netology_IB_Instruments.app */ = {isa = PBXFileReference; explicitFileType = wrapper.application; includeInIndex = 0; path = Netology_IB_Instruments.app; sourceTree = BUILT_PRODUCTS_DIR; };
		EEB0CFF8264E7FCD00BB3423 /* AppDelegate.swift */ = {isa = PBXFileReference; lastKnownFileType = sourcecode.swift; path = AppDelegate.swift; sourceTree = "<group>"; };
		EEB0CFFA264E7FCD00BB3423 /* SceneDelegate.swift */ = {isa = PBXFileReference; lastKnownFileType = sourcecode.swift; path = SceneDelegate.swift; sourceTree = "<group>"; };
		EEB0CFFC264E7FCD00BB3423 /* ViewController.swift */ = {isa = PBXFileReference; lastKnownFileType = sourcecode.swift; path = ViewController.swift; sourceTree = "<group>"; };
		EEB0CFFF264E7FCD00BB3423 /* Base */ = {isa = PBXFileReference; lastKnownFileType = file.storyboard; name = Base; path = Base.lproj/Main.storyboard; sourceTree = "<group>"; };
		EEB0D001264E7FCE00BB3423 /* Assets.xcassets */ = {isa = PBXFileReference; lastKnownFileType = folder.assetcatalog; path = Assets.xcassets; sourceTree = "<group>"; };
		EEB0D004264E7FCE00BB3423 /* Base */ = {isa = PBXFileReference; lastKnownFileType = file.storyboard; name = Base; path = Base.lproj/LaunchScreen.storyboard; sourceTree = "<group>"; };
		EEB0D006264E7FCE00BB3423 /* Info.plist */ = {isa = PBXFileReference; lastKnownFileType = text.plist.xml; path = Info.plist; sourceTree = "<group>"; };
		EEB0D00B264E7FCE00BB3423 /* Netology_IB_InstrumentsTests.xctest */ = {isa = PBXFileReference; explicitFileType = wrapper.cfbundle; includeInIndex = 0; path = Netology_IB_InstrumentsTests.xctest; sourceTree = BUILT_PRODUCTS_DIR; };
		EEB0D00F264E7FCE00BB3423 /* Netology_IB_InstrumentsTests.swift */ = {isa = PBXFileReference; lastKnownFileType = sourcecode.swift; path = Netology_IB_InstrumentsTests.swift; sourceTree = "<group>"; };
		EEB0D011264E7FCE00BB3423 /* Info.plist */ = {isa = PBXFileReference; lastKnownFileType = text.plist.xml; path = Info.plist; sourceTree = "<group>"; };
		EEB0D016264E7FCE00BB3423 /* Netology_IB_InstrumentsUITests.xctest */ = {isa = PBXFileReference; explicitFileType = wrapper.cfbundle; includeInIndex = 0; path = Netology_IB_InstrumentsUITests.xctest; sourceTree = BUILT_PRODUCTS_DIR; };
		EEB0D01A264E7FCE00BB3423 /* Netology_IB_InstrumentsUITests.swift */ = {isa = PBXFileReference; lastKnownFileType = sourcecode.swift; path = Netology_IB_InstrumentsUITests.swift; sourceTree = "<group>"; };
		EEB0D01C264E7FCE00BB3423 /* Info.plist */ = {isa = PBXFileReference; lastKnownFileType = text.plist.xml; path = Info.plist; sourceTree = "<group>"; };
		EEB0D02B264E806600BB3423 /* ProfileView.xib */ = {isa = PBXFileReference; lastKnownFileType = file.xib; path = ProfileView.xib; sourceTree = "<group>"; };
		EEB0D033264E821F00BB3423 /* ProfileView.swift */ = {isa = PBXFileReference; lastKnownFileType = sourcecode.swift; path = ProfileView.swift; sourceTree = "<group>"; };
/* End PBXFileReference section */

/* Begin PBXFrameworksBuildPhase section */
		EEB0CFF2264E7FCD00BB3423 /* Frameworks */ = {
			isa = PBXFrameworksBuildPhase;
			buildActionMask = 2147483647;
			files = (
			);
			runOnlyForDeploymentPostprocessing = 0;
		};
		EEB0D008264E7FCE00BB3423 /* Frameworks */ = {
			isa = PBXFrameworksBuildPhase;
			buildActionMask = 2147483647;
			files = (
			);
			runOnlyForDeploymentPostprocessing = 0;
		};
		EEB0D013264E7FCE00BB3423 /* Frameworks */ = {
			isa = PBXFrameworksBuildPhase;
			buildActionMask = 2147483647;
			files = (
			);
			runOnlyForDeploymentPostprocessing = 0;
		};
/* End PBXFrameworksBuildPhase section */

/* Begin PBXGroup section */
		EEB0CFEC264E7FCD00BB3423 = {
			isa = PBXGroup;
			children = (
				EEB0CFF7264E7FCD00BB3423 /* Netology_IB_Instruments */,
				EEB0D00E264E7FCE00BB3423 /* Netology_IB_InstrumentsTests */,
				EEB0D019264E7FCE00BB3423 /* Netology_IB_InstrumentsUITests */,
				EEB0CFF6264E7FCD00BB3423 /* Products */,
			);
			sourceTree = "<group>";
		};
		EEB0CFF6264E7FCD00BB3423 /* Products */ = {
			isa = PBXGroup;
			children = (
				EEB0CFF5264E7FCD00BB3423 /* Netology_IB_Instruments.app */,
				EEB0D00B264E7FCE00BB3423 /* Netology_IB_InstrumentsTests.xctest */,
				EEB0D016264E7FCE00BB3423 /* Netology_IB_InstrumentsUITests.xctest */,
			);
			name = Products;
			sourceTree = "<group>";
		};
		EEB0CFF7264E7FCD00BB3423 /* Netology_IB_Instruments */ = {
			isa = PBXGroup;
			children = (
				EEB0CFF8264E7FCD00BB3423 /* AppDelegate.swift */,
				EEB0CFFA264E7FCD00BB3423 /* SceneDelegate.swift */,
				EEB0CFFE264E7FCD00BB3423 /* Main.storyboard */,
				EEB0CFFC264E7FCD00BB3423 /* ViewController.swift */,
				EEB0D02B264E806600BB3423 /* ProfileView.xib */,
				EE10AE4D264EA6E6008E2B9A /* Profile.storyboard */,
				EE10AE52264EA6F9008E2B9A /* ProfileViewController.swift */,
				EEB0D033264E821F00BB3423 /* ProfileView.swift */,
				EEB0D001264E7FCE00BB3423 /* Assets.xcassets */,
				EEB0D003264E7FCE00BB3423 /* LaunchScreen.storyboard */,
				EEB0D006264E7FCE00BB3423 /* Info.plist */,
			);
			path = Netology_IB_Instruments;
			sourceTree = "<group>";
		};
		EEB0D00E264E7FCE00BB3423 /* Netology_IB_InstrumentsTests */ = {
			isa = PBXGroup;
			children = (
				EEB0D00F264E7FCE00BB3423 /* Netology_IB_InstrumentsTests.swift */,
				EEB0D011264E7FCE00BB3423 /* Info.plist */,
			);
			path = Netology_IB_InstrumentsTests;
			sourceTree = "<group>";
		};
		EEB0D019264E7FCE00BB3423 /* Netology_IB_InstrumentsUITests */ = {
			isa = PBXGroup;
			children = (
				EEB0D01A264E7FCE00BB3423 /* Netology_IB_InstrumentsUITests.swift */,
				EEB0D01C264E7FCE00BB3423 /* Info.plist */,
			);
			path = Netology_IB_InstrumentsUITests;
			sourceTree = "<group>";
		};
/* End PBXGroup section */

/* Begin PBXNativeTarget section */
		EEB0CFF4264E7FCD00BB3423 /* Netology_IB_Instruments */ = {
			isa = PBXNativeTarget;
			buildConfigurationList = EEB0D01F264E7FCE00BB3423 /* Build configuration list for PBXNativeTarget "Netology_IB_Instruments" */;
			buildPhases = (
				EEB0CFF1264E7FCD00BB3423 /* Sources */,
				EEB0CFF2264E7FCD00BB3423 /* Frameworks */,
				EEB0CFF3264E7FCD00BB3423 /* Resources */,
			);
			buildRules = (
			);
			dependencies = (
			);
			name = Netology_IB_Instruments;
			productName = Netology_IB_Instruments;
			productReference = EEB0CFF5264E7FCD00BB3423 /* Netology_IB_Instruments.app */;
			productType = "com.apple.product-type.application";
		};
		EEB0D00A264E7FCE00BB3423 /* Netology_IB_InstrumentsTests */ = {
			isa = PBXNativeTarget;
			buildConfigurationList = EEB0D022264E7FCE00BB3423 /* Build configuration list for PBXNativeTarget "Netology_IB_InstrumentsTests" */;
			buildPhases = (
				EEB0D007264E7FCE00BB3423 /* Sources */,
				EEB0D008264E7FCE00BB3423 /* Frameworks */,
				EEB0D009264E7FCE00BB3423 /* Resources */,
			);
			buildRules = (
			);
			dependencies = (
				EEB0D00D264E7FCE00BB3423 /* PBXTargetDependency */,
			);
			name = Netology_IB_InstrumentsTests;
			productName = Netology_IB_InstrumentsTests;
			productReference = EEB0D00B264E7FCE00BB3423 /* Netology_IB_InstrumentsTests.xctest */;
			productType = "com.apple.product-type.bundle.unit-test";
		};
		EEB0D015264E7FCE00BB3423 /* Netology_IB_InstrumentsUITests */ = {
			isa = PBXNativeTarget;
			buildConfigurationList = EEB0D025264E7FCE00BB3423 /* Build configuration list for PBXNativeTarget "Netology_IB_InstrumentsUITests" */;
			buildPhases = (
				EEB0D012264E7FCE00BB3423 /* Sources */,
				EEB0D013264E7FCE00BB3423 /* Frameworks */,
				EEB0D014264E7FCE00BB3423 /* Resources */,
			);
			buildRules = (
			);
			dependencies = (
				EEB0D018264E7FCE00BB3423 /* PBXTargetDependency */,
			);
			name = Netology_IB_InstrumentsUITests;
			productName = Netology_IB_InstrumentsUITests;
			productReference = EEB0D016264E7FCE00BB3423 /* Netology_IB_InstrumentsUITests.xctest */;
			productType = "com.apple.product-type.bundle.ui-testing";
		};
/* End PBXNativeTarget section */

/* Begin PBXProject section */
		EEB0CFED264E7FCD00BB3423 /* Project object */ = {
			isa = PBXProject;
			attributes = {
				LastSwiftUpdateCheck = 1220;
				LastUpgradeCheck = 1220;
				TargetAttributes = {
					EEB0CFF4264E7FCD00BB3423 = {
						CreatedOnToolsVersion = 12.2;
					};
					EEB0D00A264E7FCE00BB3423 = {
						CreatedOnToolsVersion = 12.2;
						TestTargetID = EEB0CFF4264E7FCD00BB3423;
					};
					EEB0D015264E7FCE00BB3423 = {
						CreatedOnToolsVersion = 12.2;
						TestTargetID = EEB0CFF4264E7FCD00BB3423;
					};
				};
			};
			buildConfigurationList = EEB0CFF0264E7FCD00BB3423 /* Build configuration list for PBXProject "Netology_IB_Instruments" */;
			compatibilityVersion = "Xcode 9.3";
			developmentRegion = en;
			hasScannedForEncodings = 0;
			knownRegions = (
				en,
				Base,
			);
			mainGroup = EEB0CFEC264E7FCD00BB3423;
			productRefGroup = EEB0CFF6264E7FCD00BB3423 /* Products */;
			projectDirPath = "";
			projectRoot = "";
			targets = (
				EEB0CFF4264E7FCD00BB3423 /* Netology_IB_Instruments */,
				EEB0D00A264E7FCE00BB3423 /* Netology_IB_InstrumentsTests */,
				EEB0D015264E7FCE00BB3423 /* Netology_IB_InstrumentsUITests */,
			);
		};
/* End PBXProject section */

/* Begin PBXResourcesBuildPhase section */
		EEB0CFF3264E7FCD00BB3423 /* Resources */ = {
			isa = PBXResourcesBuildPhase;
			buildActionMask = 2147483647;
			files = (
				EEB0D02C264E806600BB3423 /* ProfileView.xib in Resources */,
				EEB0D005264E7FCE00BB3423 /* LaunchScreen.storyboard in Resources */,
				EE10AE4E264EA6E6008E2B9A /* Profile.storyboard in Resources */,
				EEB0D002264E7FCE00BB3423 /* Assets.xcassets in Resources */,
				EEB0D000264E7FCD00BB3423 /* Main.storyboard in Resources */,
			);
			runOnlyForDeploymentPostprocessing = 0;
		};
		EEB0D009264E7FCE00BB3423 /* Resources */ = {
			isa = PBXResourcesBuildPhase;
			buildActionMask = 2147483647;
			files = (
			);
			runOnlyForDeploymentPostprocessing = 0;
		};
		EEB0D014264E7FCE00BB3423 /* Resources */ = {
			isa = PBXResourcesBuildPhase;
			buildActionMask = 2147483647;
			files = (
			);
			runOnlyForDeploymentPostprocessing = 0;
		};
/* End PBXResourcesBuildPhase section */

/* Begin PBXSourcesBuildPhase section */
		EEB0CFF1264E7FCD00BB3423 /* Sources */ = {
			isa = PBXSourcesBuildPhase;
			buildActionMask = 2147483647;
			files = (
				EEB0D034264E821F00BB3423 /* ProfileView.swift in Sources */,
				EEB0CFFD264E7FCD00BB3423 /* ViewController.swift in Sources */,
				EE10AE53264EA6F9008E2B9A /* ProfileViewController.swift in Sources */,
				EEB0CFF9264E7FCD00BB3423 /* AppDelegate.swift in Sources */,
				EEB0CFFB264E7FCD00BB3423 /* SceneDelegate.swift in Sources */,
			);
			runOnlyForDeploymentPostprocessing = 0;
		};
		EEB0D007264E7FCE00BB3423 /* Sources */ = {
			isa = PBXSourcesBuildPhase;
			buildActionMask = 2147483647;
			files = (
				EEB0D010264E7FCE00BB3423 /* Netology_IB_InstrumentsTests.swift in Sources */,
			);
			runOnlyForDeploymentPostprocessing = 0;
		};
		EEB0D012264E7FCE00BB3423 /* Sources */ = {
			isa = PBXSourcesBuildPhase;
			buildActionMask = 2147483647;
			files = (
				EEB0D01B264E7FCE00BB3423 /* Netology_IB_InstrumentsUITests.swift in Sources */,
			);
			runOnlyForDeploymentPostprocessing = 0;
		};
/* End PBXSourcesBuildPhase section */

/* Begin PBXTargetDependency section */
		EEB0D00D264E7FCE00BB3423 /* PBXTargetDependency */ = {
			isa = PBXTargetDependency;
			target = EEB0CFF4264E7FCD00BB3423 /* Netology_IB_Instruments */;
			targetProxy = EEB0D00C264E7FCE00BB3423 /* PBXContainerItemProxy */;
		};
		EEB0D018264E7FCE00BB3423 /* PBXTargetDependency */ = {
			isa = PBXTargetDependency;
			target = EEB0CFF4264E7FCD00BB3423 /* Netology_IB_Instruments */;
			targetProxy = EEB0D017264E7FCE00BB3423 /* PBXContainerItemProxy */;
		};
/* End PBXTargetDependency section */

/* Begin PBXVariantGroup section */
		EEB0CFFE264E7FCD00BB3423 /* Main.storyboard */ = {
			isa = PBXVariantGroup;
			children = (
				EEB0CFFF264E7FCD00BB3423 /* Base */,
			);
			name = Main.storyboard;
			sourceTree = "<group>";
		};
		EEB0D003264E7FCE00BB3423 /* LaunchScreen.storyboard */ = {
			isa = PBXVariantGroup;
			children = (
				EEB0D004264E7FCE00BB3423 /* Base */,
			);
			name = LaunchScreen.storyboard;
			sourceTree = "<group>";
		};
/* End PBXVariantGroup section */

/* Begin XCBuildConfiguration section */
		EEB0D01D264E7FCE00BB3423 /* Debug */ = {
			isa = XCBuildConfiguration;
			buildSettings = {
				ALWAYS_SEARCH_USER_PATHS = NO;
				CLANG_ANALYZER_NONNULL = YES;
				CLANG_ANALYZER_NUMBER_OBJECT_CONVERSION = YES_AGGRESSIVE;
				CLANG_CXX_LANGUAGE_STANDARD = "gnu++14";
				CLANG_CXX_LIBRARY = "libc++";
				CLANG_ENABLE_MODULES = YES;
				CLANG_ENABLE_OBJC_ARC = YES;
				CLANG_ENABLE_OBJC_WEAK = YES;
				CLANG_WARN_BLOCK_CAPTURE_AUTORELEASING = YES;
				CLANG_WARN_BOOL_CONVERSION = YES;
				CLANG_WARN_COMMA = YES;
				CLANG_WARN_CONSTANT_CONVERSION = YES;
				CLANG_WARN_DEPRECATED_OBJC_IMPLEMENTATIONS = YES;
				CLANG_WARN_DIRECT_OBJC_ISA_USAGE = YES_ERROR;
				CLANG_WARN_DOCUMENTATION_COMMENTS = YES;
				CLANG_WARN_EMPTY_BODY = YES;
				CLANG_WARN_ENUM_CONVERSION = YES;
				CLANG_WARN_INFINITE_RECURSION = YES;
				CLANG_WARN_INT_CONVERSION = YES;
				CLANG_WARN_NON_LITERAL_NULL_CONVERSION = YES;
				CLANG_WARN_OBJC_IMPLICIT_RETAIN_SELF = YES;
				CLANG_WARN_OBJC_LITERAL_CONVERSION = YES;
				CLANG_WARN_OBJC_ROOT_CLASS = YES_ERROR;
				CLANG_WARN_QUOTED_INCLUDE_IN_FRAMEWORK_HEADER = YES;
				CLANG_WARN_RANGE_LOOP_ANALYSIS = YES;
				CLANG_WARN_STRICT_PROTOTYPES = YES;
				CLANG_WARN_SUSPICIOUS_MOVE = YES;
				CLANG_WARN_UNGUARDED_AVAILABILITY = YES_AGGRESSIVE;
				CLANG_WARN_UNREACHABLE_CODE = YES;
				CLANG_WARN__DUPLICATE_METHOD_MATCH = YES;
				COPY_PHASE_STRIP = NO;
				DEBUG_INFORMATION_FORMAT = dwarf;
				ENABLE_STRICT_OBJC_MSGSEND = YES;
				ENABLE_TESTABILITY = YES;
				GCC_C_LANGUAGE_STANDARD = gnu11;
				GCC_DYNAMIC_NO_PIC = NO;
				GCC_NO_COMMON_BLOCKS = YES;
				GCC_OPTIMIZATION_LEVEL = 0;
				GCC_PREPROCESSOR_DEFINITIONS = (
					"DEBUG=1",
					"$(inherited)",
				);
				GCC_WARN_64_TO_32_BIT_CONVERSION = YES;
				GCC_WARN_ABOUT_RETURN_TYPE = YES_ERROR;
				GCC_WARN_UNDECLARED_SELECTOR = YES;
				GCC_WARN_UNINITIALIZED_AUTOS = YES_AGGRESSIVE;
				GCC_WARN_UNUSED_FUNCTION = YES;
				GCC_WARN_UNUSED_VARIABLE = YES;
				IPHONEOS_DEPLOYMENT_TARGET = 14.2;
				MTL_ENABLE_DEBUG_INFO = INCLUDE_SOURCE;
				MTL_FAST_MATH = YES;
				ONLY_ACTIVE_ARCH = YES;
				SDKROOT = iphoneos;
				SWIFT_ACTIVE_COMPILATION_CONDITIONS = DEBUG;
				SWIFT_OPTIMIZATION_LEVEL = "-Onone";
			};
			name = Debug;
		};
		EEB0D01E264E7FCE00BB3423 /* Release */ = {
			isa = XCBuildConfiguration;
			buildSettings = {
				ALWAYS_SEARCH_USER_PATHS = NO;
				CLANG_ANALYZER_NONNULL = YES;
				CLANG_ANALYZER_NUMBER_OBJECT_CONVERSION = YES_AGGRESSIVE;
				CLANG_CXX_LANGUAGE_STANDARD = "gnu++14";
				CLANG_CXX_LIBRARY = "libc++";
				CLANG_ENABLE_MODULES = YES;
				CLANG_ENABLE_OBJC_ARC = YES;
				CLANG_ENABLE_OBJC_WEAK = YES;
				CLANG_WARN_BLOCK_CAPTURE_AUTORELEASING = YES;
				CLANG_WARN_BOOL_CONVERSION = YES;
				CLANG_WARN_COMMA = YES;
				CLANG_WARN_CONSTANT_CONVERSION = YES;
				CLANG_WARN_DEPRECATED_OBJC_IMPLEMENTATIONS = YES;
				CLANG_WARN_DIRECT_OBJC_ISA_USAGE = YES_ERROR;
				CLANG_WARN_DOCUMENTATION_COMMENTS = YES;
				CLANG_WARN_EMPTY_BODY = YES;
				CLANG_WARN_ENUM_CONVERSION = YES;
				CLANG_WARN_INFINITE_RECURSION = YES;
				CLANG_WARN_INT_CONVERSION = YES;
				CLANG_WARN_NON_LITERAL_NULL_CONVERSION = YES;
				CLANG_WARN_OBJC_IMPLICIT_RETAIN_SELF = YES;
				CLANG_WARN_OBJC_LITERAL_CONVERSION = YES;
				CLANG_WARN_OBJC_ROOT_CLASS = YES_ERROR;
				CLANG_WARN_QUOTED_INCLUDE_IN_FRAMEWORK_HEADER = YES;
				CLANG_WARN_RANGE_LOOP_ANALYSIS = YES;
				CLANG_WARN_STRICT_PROTOTYPES = YES;
				CLANG_WARN_SUSPICIOUS_MOVE = YES;
				CLANG_WARN_UNGUARDED_AVAILABILITY = YES_AGGRESSIVE;
				CLANG_WARN_UNREACHABLE_CODE = YES;
				CLANG_WARN__DUPLICATE_METHOD_MATCH = YES;
				COPY_PHASE_STRIP = NO;
				DEBUG_INFORMATION_FORMAT = "dwarf-with-dsym";
				ENABLE_NS_ASSERTIONS = NO;
				ENABLE_STRICT_OBJC_MSGSEND = YES;
				GCC_C_LANGUAGE_STANDARD = gnu11;
				GCC_NO_COMMON_BLOCKS = YES;
				GCC_WARN_64_TO_32_BIT_CONVERSION = YES;
				GCC_WARN_ABOUT_RETURN_TYPE = YES_ERROR;
				GCC_WARN_UNDECLARED_SELECTOR = YES;
				GCC_WARN_UNINITIALIZED_AUTOS = YES_AGGRESSIVE;
				GCC_WARN_UNUSED_FUNCTION = YES;
				GCC_WARN_UNUSED_VARIABLE = YES;
				IPHONEOS_DEPLOYMENT_TARGET = 14.2;
				MTL_ENABLE_DEBUG_INFO = NO;
				MTL_FAST_MATH = YES;
				SDKROOT = iphoneos;
				SWIFT_COMPILATION_MODE = wholemodule;
				SWIFT_OPTIMIZATION_LEVEL = "-O";
				VALIDATE_PRODUCT = YES;
			};
			name = Release;
		};
		EEB0D020264E7FCE00BB3423 /* Debug */ = {
			isa = XCBuildConfiguration;
			buildSettings = {
				ASSETCATALOG_COMPILER_APPICON_NAME = AppIcon;
				ASSETCATALOG_COMPILER_GLOBAL_ACCENT_COLOR_NAME = AccentColor;
				CODE_SIGN_STYLE = Automatic;
				INFOPLIST_FILE = Netology_IB_Instruments/Info.plist;
				LD_RUNPATH_SEARCH_PATHS = (
					"$(inherited)",
					"@executable_path/Frameworks",
				);
				PRODUCT_BUNDLE_IDENTIFIER = "-.Netology-IB-Instruments";
				PRODUCT_NAME = "$(TARGET_NAME)";
				SWIFT_VERSION = 5.0;
				TARGETED_DEVICE_FAMILY = "1,2";
			};
			name = Debug;
		};
		EEB0D021264E7FCE00BB3423 /* Release */ = {
			isa = XCBuildConfiguration;
			buildSettings = {
				ASSETCATALOG_COMPILER_APPICON_NAME = AppIcon;
				ASSETCATALOG_COMPILER_GLOBAL_ACCENT_COLOR_NAME = AccentColor;
				CODE_SIGN_STYLE = Automatic;
				INFOPLIST_FILE = Netology_IB_Instruments/Info.plist;
				LD_RUNPATH_SEARCH_PATHS = (
					"$(inherited)",
					"@executable_path/Frameworks",
				);
				PRODUCT_BUNDLE_IDENTIFIER = "-.Netology-IB-Instruments";
				PRODUCT_NAME = "$(TARGET_NAME)";
				SWIFT_VERSION = 5.0;
				TARGETED_DEVICE_FAMILY = "1,2";
			};
			name = Release;
		};
		EEB0D023264E7FCE00BB3423 /* Debug */ = {
			isa = XCBuildConfiguration;
			buildSettings = {
				ALWAYS_EMBED_SWIFT_STANDARD_LIBRARIES = YES;
				BUNDLE_LOADER = "$(TEST_HOST)";
				CODE_SIGN_STYLE = Automatic;
				INFOPLIST_FILE = Netology_IB_InstrumentsTests/Info.plist;
				IPHONEOS_DEPLOYMENT_TARGET = 14.2;
				LD_RUNPATH_SEARCH_PATHS = (
					"$(inherited)",
					"@executable_path/Frameworks",
					"@loader_path/Frameworks",
				);
				PRODUCT_BUNDLE_IDENTIFIER = "-.Netology-IB-InstrumentsTests";
				PRODUCT_NAME = "$(TARGET_NAME)";
				SWIFT_VERSION = 5.0;
				TARGETED_DEVICE_FAMILY = "1,2";
				TEST_HOST = "$(BUILT_PRODUCTS_DIR)/Netology_IB_Instruments.app/Netology_IB_Instruments";
			};
			name = Debug;
		};
		EEB0D024264E7FCE00BB3423 /* Release */ = {
			isa = XCBuildConfiguration;
			buildSettings = {
				ALWAYS_EMBED_SWIFT_STANDARD_LIBRARIES = YES;
				BUNDLE_LOADER = "$(TEST_HOST)";
				CODE_SIGN_STYLE = Automatic;
				INFOPLIST_FILE = Netology_IB_InstrumentsTests/Info.plist;
				IPHONEOS_DEPLOYMENT_TARGET = 14.2;
				LD_RUNPATH_SEARCH_PATHS = (
					"$(inherited)",
					"@executable_path/Frameworks",
					"@loader_path/Frameworks",
				);
				PRODUCT_BUNDLE_IDENTIFIER = "-.Netology-IB-InstrumentsTests";
				PRODUCT_NAME = "$(TARGET_NAME)";
				SWIFT_VERSION = 5.0;
				TARGETED_DEVICE_FAMILY = "1,2";
				TEST_HOST = "$(BUILT_PRODUCTS_DIR)/Netology_IB_Instruments.app/Netology_IB_Instruments";
			};
			name = Release;
		};
		EEB0D026264E7FCE00BB3423 /* Debug */ = {
			isa = XCBuildConfiguration;
			buildSettings = {
				ALWAYS_EMBED_SWIFT_STANDARD_LIBRARIES = YES;
				CODE_SIGN_STYLE = Automatic;
				INFOPLIST_FILE = Netology_IB_InstrumentsUITests/Info.plist;
				LD_RUNPATH_SEARCH_PATHS = (
					"$(inherited)",
					"@executable_path/Frameworks",
					"@loader_path/Frameworks",
				);
				PRODUCT_BUNDLE_IDENTIFIER = "-.Netology-IB-InstrumentsUITests";
				PRODUCT_NAME = "$(TARGET_NAME)";
				SWIFT_VERSION = 5.0;
				TARGETED_DEVICE_FAMILY = "1,2";
				TEST_TARGET_NAME = Netology_IB_Instruments;
			};
			name = Debug;
		};
		EEB0D027264E7FCE00BB3423 /* Release */ = {
			isa = XCBuildConfiguration;
			buildSettings = {
				ALWAYS_EMBED_SWIFT_STANDARD_LIBRARIES = YES;
				CODE_SIGN_STYLE = Automatic;
				INFOPLIST_FILE = Netology_IB_InstrumentsUITests/Info.plist;
				LD_RUNPATH_SEARCH_PATHS = (
					"$(inherited)",
					"@executable_path/Frameworks",
					"@loader_path/Frameworks",
				);
				PRODUCT_BUNDLE_IDENTIFIER = "-.Netology-IB-InstrumentsUITests";
				PRODUCT_NAME = "$(TARGET_NAME)";
				SWIFT_VERSION = 5.0;
				TARGETED_DEVICE_FAMILY = "1,2";
				TEST_TARGET_NAME = Netology_IB_Instruments;
			};
			name = Release;
		};
/* End XCBuildConfiguration section */

/* Begin XCConfigurationList section */
		EEB0CFF0264E7FCD00BB3423 /* Build configuration list for PBXProject "Netology_IB_Instruments" */ = {
			isa = XCConfigurationList;
			buildConfigurations = (
				EEB0D01D264E7FCE00BB3423 /* Debug */,
				EEB0D01E264E7FCE00BB3423 /* Release */,
			);
			defaultConfigurationIsVisible = 0;
			defaultConfigurationName = Release;
		};
		EEB0D01F264E7FCE00BB3423 /* Build configuration list for PBXNativeTarget "Netology_IB_Instruments" */ = {
			isa = XCConfigurationList;
			buildConfigurations = (
				EEB0D020264E7FCE00BB3423 /* Debug */,
				EEB0D021264E7FCE00BB3423 /* Release */,
			);
			defaultConfigurationIsVisible = 0;
			defaultConfigurationName = Release;
		};
		EEB0D022264E7FCE00BB3423 /* Build configuration list for PBXNativeTarget "Netology_IB_InstrumentsTests" */ = {
			isa = XCConfigurationList;
			buildConfigurations = (
				EEB0D023264E7FCE00BB3423 /* Debug */,
				EEB0D024264E7FCE00BB3423 /* Release */,
			);
			defaultConfigurationIsVisible = 0;
			defaultConfigurationName = Release;
		};
		EEB0D025264E7FCE00BB3423 /* Build configuration list for PBXNativeTarget "Netology_IB_InstrumentsUITests" */ = {
			isa = XCConfigurationList;
			buildConfigurations = (
				EEB0D026264E7FCE00BB3423 /* Debug */,
				EEB0D027264E7FCE00BB3423 /* Release */,
			);
			defaultConfigurationIsVisible = 0;
			defaultConfigurationName = Release;
		};
/* End XCConfigurationList section */
	};
	rootObject = EEB0CFED264E7FCD00BB3423 /* Project object */;
}
